
Microsoft Visual Studio Solution File, Format Version 12.00
# Visual Studio Version 16
VisualStudioVersion = 16.0.32106.194
MinimumVisualStudioVersion = 10.0.40219.1
Project("{9A19103F-16F7-4668-BE54-9A1E7A4F7556}") = "SoftUniParking", "SoftUniParking.csproj", "{9C62CE61-9DEF-41F7-93C6-29E9F51AA7FE}"
EndProject
Global
	GlobalSection(SolutionConfigurationPlatforms) = preSolution
		Debug|Any CPU = Debug|Any CPU
		Release|Any CPU = Release|Any CPU
	EndGlobalSection
	GlobalSection(ProjectConfigurationPlatforms) = postSolution
		{9C62CE61-9DEF-41F7-93C6-29E9F51AA7FE}.Debug|Any CPU.ActiveCfg = Debug|Any CPU
		{9C62CE61-9DEF-41F7-93C6-29E9F51AA7FE}.Debug|Any CPU.Build.0 = Debug|Any CPU
		{9C62CE61-9DEF-41F7-93C6-29E9F51AA7FE}.Release|Any CPU.ActiveCfg = Release|Any CPU
		{9C62CE61-9DEF-41F7-93C6-29E9F51AA7FE}.Release|Any CPU.Build.0 = Release|Any CPU
	EndGlobalSection
	GlobalSection(SolutionProperties) = preSolution
		HideSolutionNode = FALSE
	EndGlobalSection
	GlobalSection(ExtensibilityGlobals) = postSolution
		SolutionGuid = {68CDE24C-5314-475F-8CB4-ADF614E6E136}
	EndGlobalSection
EndGlobal
