
Microsoft Visual Studio Solution File, Format Version 12.00
# Visual Studio Version 16
VisualStudioVersion = 16.0.32106.194
MinimumVisualStudioVersion = 10.0.40219.1
Project("{FAE04EC0-301F-11D3-BF4B-00C04F79EFBC}") = "01.BakeryShop", "01.BakeryShop.csproj", "{B3C30165-009E-477F-8662-2C1E50B63EAD}"
EndProject
Project("{FAE04EC0-301F-11D3-BF4B-00C04F79EFBC}") = "02.BeaverAtWork", "..\02.BeaverAtWork\02.BeaverAtWork.csproj", "{A33E1449-A398-41FA-9852-5094AF0824A3}"
EndProject
Global
	GlobalSection(SolutionConfigurationPlatforms) = preSolution
		Debug|Any CPU = Debug|Any CPU
		Release|Any CPU = Release|Any CPU
	EndGlobalSection
	GlobalSection(ProjectConfigurationPlatforms) = postSolution
		{B3C30165-009E-477F-8662-2C1E50B63EAD}.Debug|Any CPU.ActiveCfg = Debug|Any CPU
		{B3C30165-009E-477F-8662-2C1E50B63EAD}.Debug|Any CPU.Build.0 = Debug|Any CPU
		{B3C30165-009E-477F-8662-2C1E50B63EAD}.Release|Any CPU.ActiveCfg = Release|Any CPU
		{B3C30165-009E-477F-8662-2C1E50B63EAD}.Release|Any CPU.Build.0 = Release|Any CPU
		{A33E1449-A398-41FA-9852-5094AF0824A3}.Debug|Any CPU.ActiveCfg = Debug|Any CPU
		{A33E1449-A398-41FA-9852-5094AF0824A3}.Debug|Any CPU.Build.0 = Debug|Any CPU
		{A33E1449-A398-41FA-9852-5094AF0824A3}.Release|Any CPU.ActiveCfg = Release|Any CPU
		{A33E1449-A398-41FA-9852-5094AF0824A3}.Release|Any CPU.Build.0 = Release|Any CPU
	EndGlobalSection
	GlobalSection(SolutionProperties) = preSolution
		HideSolutionNode = FALSE
	EndGlobalSection
	GlobalSection(ExtensibilityGlobals) = postSolution
		SolutionGuid = {E49E460A-FCC9-45C6-8D09-28EFC5F28A80}
	EndGlobalSection
EndGlobal
